
Microsoft Visual Studio Solution File, Format Version 12.00
# Visual Studio 15
VisualStudioVersion = 15.0.26730.12
MinimumVisualStudioVersion = 10.0.40219.1
Project("{FAE04EC0-301F-11D3-BF4B-00C04F79EFBC}") = "ClinicManagement", "ClinicManagement\ClinicManagement.csproj", "{3022CADD-8773-4039-B5C6-FECA3C7BD017}"
EndProject
Global
	GlobalSection(SolutionConfigurationPlatforms) = preSolution
		Debug|Any CPU = Debug|Any CPU
		Release|Any CPU = Release|Any CPU
	EndGlobalSection
	GlobalSection(ProjectConfigurationPlatforms) = postSolution
		{3022CADD-8773-4039-B5C6-FECA3C7BD017}.Debug|Any CPU.ActiveCfg = Debug|Any CPU
		{3022CADD-8773-4039-B5C6-FECA3C7BD017}.Debug|Any CPU.Build.0 = Debug|Any CPU
		{3022CADD-8773-4039-B5C6-FECA3C7BD017}.Release|Any CPU.ActiveCfg = Release|Any CPU
		{3022CADD-8773-4039-B5C6-FECA3C7BD017}.Release|Any CPU.Build.0 = Release|Any CPU
	EndGlobalSection
	GlobalSection(SolutionProperties) = preSolution
		HideSolutionNode = FALSE
	EndGlobalSection
	GlobalSection(ExtensibilityGlobals) = postSolution
		SolutionGuid = {39AC13C8-46C1-43EB-9518-DFB9329D385B}
	EndGlobalSection
EndGlobal
